
Microsoft Visual Studio Solution File, Format Version 12.00
# Visual Studio 15
Project("{FAE04EC0-301F-11D3-BF4B-00C04F79EFBC}") = "AppClass.Android", "AppClass.Android\AppClass.Android.csproj", "{1C279F36-BD9C-4A03-951E-C1A8020CC26F}"
EndProject
Project("{FAE04EC0-301F-11D3-BF4B-00C04F79EFBC}") = "AppClass.iOS", "AppClass.iOS\AppClass.iOS.csproj", "{995A912B-A366-4D6F-A08B-3D0542537A79}"
EndProject
Project("{FAE04EC0-301F-11D3-BF4B-00C04F79EFBC}") = "AppClass", "AppClass\AppClass.csproj", "{D2FB1043-E71E-48C2-9692-302718C352B0}"
EndProject
Global
	GlobalSection(SolutionConfigurationPlatforms) = preSolution
		Debug|Any CPU = Debug|Any CPU
		Release|Any CPU = Release|Any CPU
		Debug|iPhoneSimulator = Debug|iPhoneSimulator
		Release|iPhoneSimulator = Release|iPhoneSimulator
		Debug|iPhone = Debug|iPhone
		Release|iPhone = Release|iPhone
		Ad-Hoc|iPhone = Ad-Hoc|iPhone
		AppStore|iPhone = AppStore|iPhone
	EndGlobalSection
	GlobalSection(ProjectConfigurationPlatforms) = postSolution
		{1C279F36-BD9C-4A03-951E-C1A8020CC26F}.Debug|Any CPU.ActiveCfg = Debug|Any CPU
		{1C279F36-BD9C-4A03-951E-C1A8020CC26F}.Debug|Any CPU.Build.0 = Debug|Any CPU
		{1C279F36-BD9C-4A03-951E-C1A8020CC26F}.Release|Any CPU.ActiveCfg = Release|Any CPU
		{1C279F36-BD9C-4A03-951E-C1A8020CC26F}.Release|Any CPU.Build.0 = Release|Any CPU
		{1C279F36-BD9C-4A03-951E-C1A8020CC26F}.Debug|iPhoneSimulator.ActiveCfg = Debug|Any CPU
		{1C279F36-BD9C-4A03-951E-C1A8020CC26F}.Debug|iPhoneSimulator.Build.0 = Debug|Any CPU
		{1C279F36-BD9C-4A03-951E-C1A8020CC26F}.Release|iPhoneSimulator.ActiveCfg = Release|Any CPU
		{1C279F36-BD9C-4A03-951E-C1A8020CC26F}.Release|iPhoneSimulator.Build.0 = Release|Any CPU
		{1C279F36-BD9C-4A03-951E-C1A8020CC26F}.Debug|iPhone.ActiveCfg = Debug|Any CPU
		{1C279F36-BD9C-4A03-951E-C1A8020CC26F}.Debug|iPhone.Build.0 = Debug|Any CPU
		{1C279F36-BD9C-4A03-951E-C1A8020CC26F}.Release|iPhone.ActiveCfg = Release|Any CPU
		{1C279F36-BD9C-4A03-951E-C1A8020CC26F}.Release|iPhone.Build.0 = Release|Any CPU
		{1C279F36-BD9C-4A03-951E-C1A8020CC26F}.Ad-Hoc|iPhone.ActiveCfg = Debug|Any CPU
		{1C279F36-BD9C-4A03-951E-C1A8020CC26F}.Ad-Hoc|iPhone.Build.0 = Debug|Any CPU
		{1C279F36-BD9C-4A03-951E-C1A8020CC26F}.AppStore|iPhone.ActiveCfg = Debug|Any CPU
		{1C279F36-BD9C-4A03-951E-C1A8020CC26F}.AppStore|iPhone.Build.0 = Debug|Any CPU
		{995A912B-A366-4D6F-A08B-3D0542537A79}.Debug|Any CPU.ActiveCfg = Debug|iPhoneSimulator
		{995A912B-A366-4D6F-A08B-3D0542537A79}.Debug|Any CPU.Build.0 = Debug|iPhoneSimulator
		{995A912B-A366-4D6F-A08B-3D0542537A79}.Release|Any CPU.ActiveCfg = Release|iPhoneSimulator
		{995A912B-A366-4D6F-A08B-3D0542537A79}.Release|Any CPU.Build.0 = Release|iPhoneSimulator
		{995A912B-A366-4D6F-A08B-3D0542537A79}.Debug|iPhoneSimulator.ActiveCfg = Debug|iPhoneSimulator
		{995A912B-A366-4D6F-A08B-3D0542537A79}.Debug|iPhoneSimulator.Build.0 = Debug|iPhoneSimulator
		{995A912B-A366-4D6F-A08B-3D0542537A79}.Release|iPhoneSimulator.ActiveCfg = Release|iPhoneSimulator
		{995A912B-A366-4D6F-A08B-3D0542537A79}.Release|iPhoneSimulator.Build.0 = Release|iPhoneSimulator
		{995A912B-A366-4D6F-A08B-3D0542537A79}.Debug|iPhone.ActiveCfg = Debug|iPhone
		{995A912B-A366-4D6F-A08B-3D0542537A79}.Debug|iPhone.Build.0 = Debug|iPhone
		{995A912B-A366-4D6F-A08B-3D0542537A79}.Release|iPhone.ActiveCfg = Release|iPhone
		{995A912B-A366-4D6F-A08B-3D0542537A79}.Release|iPhone.Build.0 = Release|iPhone
		{995A912B-A366-4D6F-A08B-3D0542537A79}.Ad-Hoc|iPhone.ActiveCfg = Ad-Hoc|iPhone
		{995A912B-A366-4D6F-A08B-3D0542537A79}.Ad-Hoc|iPhone.Build.0 = Ad-Hoc|iPhone
		{995A912B-A366-4D6F-A08B-3D0542537A79}.AppStore|iPhone.ActiveCfg = AppStore|iPhone
		{995A912B-A366-4D6F-A08B-3D0542537A79}.AppStore|iPhone.Build.0 = AppStore|iPhone
		{D2FB1043-E71E-48C2-9692-302718C352B0}.Debug|Any CPU.ActiveCfg = Debug|Any CPU
		{D2FB1043-E71E-48C2-9692-302718C352B0}.Debug|Any CPU.Build.0 = Debug|Any CPU
		{D2FB1043-E71E-48C2-9692-302718C352B0}.Release|Any CPU.ActiveCfg = Release|Any CPU
		{D2FB1043-E71E-48C2-9692-302718C352B0}.Release|Any CPU.Build.0 = Release|Any CPU
		{D2FB1043-E71E-48C2-9692-302718C352B0}.Debug|iPhoneSimulator.ActiveCfg = Debug|Any CPU
		{D2FB1043-E71E-48C2-9692-302718C352B0}.Debug|iPhoneSimulator.Build.0 = Debug|Any CPU
		{D2FB1043-E71E-48C2-9692-302718C352B0}.Release|iPhoneSimulator.ActiveCfg = Release|Any CPU
		{D2FB1043-E71E-48C2-9692-302718C352B0}.Release|iPhoneSimulator.Build.0 = Release|Any CPU
		{D2FB1043-E71E-48C2-9692-302718C352B0}.Debug|iPhone.ActiveCfg = Debug|Any CPU
		{D2FB1043-E71E-48C2-9692-302718C352B0}.Debug|iPhone.Build.0 = Debug|Any CPU
		{D2FB1043-E71E-48C2-9692-302718C352B0}.Release|iPhone.ActiveCfg = Release|Any CPU
		{D2FB1043-E71E-48C2-9692-302718C352B0}.Release|iPhone.Build.0 = Release|Any CPU
		{D2FB1043-E71E-48C2-9692-302718C352B0}.Ad-Hoc|iPhone.ActiveCfg = Debug|Any CPU
		{D2FB1043-E71E-48C2-9692-302718C352B0}.Ad-Hoc|iPhone.Build.0 = Debug|Any CPU
		{D2FB1043-E71E-48C2-9692-302718C352B0}.AppStore|iPhone.ActiveCfg = Debug|Any CPU
		{D2FB1043-E71E-48C2-9692-302718C352B0}.AppStore|iPhone.Build.0 = Debug|Any CPU
	EndGlobalSection
EndGlobal
